# This file is generated by gogradle automatically, you should NEVER modify it manually.
---
apiVersion: "0.10"
dependencies:
  build:
  - vcs: "git"
    name: "github.com/JackTiger/testB"
    commit: "97cec1c38086722eb2a5502567866a2fd8d32bea"
    url: "git@github.com:JackTiger/testB.git"
    transitive: false
  test: []
