# This file is generated by gogradle automatically, you should NEVER modify it manually.
---
apiVersion: "0.10"
dependencies:
  build:
  - urls:
    - "https://github.com/JackTiger/testB.git"
    - "git@github.com:JackTiger/testB.git"
    vcs: "git"
    name: "github.com/JackTiger/testB"
    commit: "3e315b9ef98e292401f6fc0cd47f842bdda5598c"
    transitive: false
  - name: "github.com/JackTiger/testD"
    host:
      name: "github.com/JackTiger/testB"
      commit: "3e315b9ef98e292401f6fc0cd47f842bdda5598c"
      url: "git@github.com:JackTiger/testB.git"
      vcs: "git"
    vendorPath: "vendor/github.com/JackTiger/testD"
  test: []
